
Microsoft Visual Studio Solution File, Format Version 12.00
# Visual Studio 15
VisualStudioVersion = 15.0.28307.1321
MinimumVisualStudioVersion = 10.0.40219.1
Project("{FAE04EC0-301F-11D3-BF4B-00C04F79EFBC}") = "Practice4", "Practice4\Practice4.csproj", "{165E66D5-E7EA-45A0-B0A3-9926D7128252}"
EndProject
Global
	GlobalSection(SolutionConfigurationPlatforms) = preSolution
		Debug|Any CPU = Debug|Any CPU
		Release|Any CPU = Release|Any CPU
	EndGlobalSection
	GlobalSection(ProjectConfigurationPlatforms) = postSolution
		{165E66D5-E7EA-45A0-B0A3-9926D7128252}.Debug|Any CPU.ActiveCfg = Debug|Any CPU
		{165E66D5-E7EA-45A0-B0A3-9926D7128252}.Debug|Any CPU.Build.0 = Debug|Any CPU
		{165E66D5-E7EA-45A0-B0A3-9926D7128252}.Release|Any CPU.ActiveCfg = Release|Any CPU
		{165E66D5-E7EA-45A0-B0A3-9926D7128252}.Release|Any CPU.Build.0 = Release|Any CPU
	EndGlobalSection
	GlobalSection(SolutionProperties) = preSolution
		HideSolutionNode = FALSE
	EndGlobalSection
	GlobalSection(ExtensibilityGlobals) = postSolution
		SolutionGuid = {D53B372F-DE97-4F14-AC83-9149F378128C}
	EndGlobalSection
EndGlobal
