
Microsoft Visual Studio Solution File, Format Version 12.00
# Visual Studio 15
VisualStudioVersion = 15.0.28307.1321
MinimumVisualStudioVersion = 10.0.40219.1
Project("{FAE04EC0-301F-11D3-BF4B-00C04F79EFBC}") = "Practice3", "Practice3\Practice3.csproj", "{D9DDC791-77C7-4AA4-89CD-628F84CCF7B7}"
EndProject
Global
	GlobalSection(SolutionConfigurationPlatforms) = preSolution
		Debug|Any CPU = Debug|Any CPU
		Release|Any CPU = Release|Any CPU
	EndGlobalSection
	GlobalSection(ProjectConfigurationPlatforms) = postSolution
		{D9DDC791-77C7-4AA4-89CD-628F84CCF7B7}.Debug|Any CPU.ActiveCfg = Debug|Any CPU
		{D9DDC791-77C7-4AA4-89CD-628F84CCF7B7}.Debug|Any CPU.Build.0 = Debug|Any CPU
		{D9DDC791-77C7-4AA4-89CD-628F84CCF7B7}.Release|Any CPU.ActiveCfg = Release|Any CPU
		{D9DDC791-77C7-4AA4-89CD-628F84CCF7B7}.Release|Any CPU.Build.0 = Release|Any CPU
	EndGlobalSection
	GlobalSection(SolutionProperties) = preSolution
		HideSolutionNode = FALSE
	EndGlobalSection
	GlobalSection(ExtensibilityGlobals) = postSolution
		SolutionGuid = {F1D0706D-FCE4-4E57-96B2-3B7F70637A14}
	EndGlobalSection
EndGlobal
