
Microsoft Visual Studio Solution File, Format Version 12.00
# Visual Studio 15
VisualStudioVersion = 15.0.28307.1321
MinimumVisualStudioVersion = 10.0.40219.1
Project("{FAE04EC0-301F-11D3-BF4B-00C04F79EFBC}") = "Practice_interface", "Practice_interface\Practice_interface.csproj", "{D635094E-2051-4DA8-B5ED-9A2B31C4CA4A}"
EndProject
Global
	GlobalSection(SolutionConfigurationPlatforms) = preSolution
		Debug|Any CPU = Debug|Any CPU
		Release|Any CPU = Release|Any CPU
	EndGlobalSection
	GlobalSection(ProjectConfigurationPlatforms) = postSolution
		{D635094E-2051-4DA8-B5ED-9A2B31C4CA4A}.Debug|Any CPU.ActiveCfg = Debug|Any CPU
		{D635094E-2051-4DA8-B5ED-9A2B31C4CA4A}.Debug|Any CPU.Build.0 = Debug|Any CPU
		{D635094E-2051-4DA8-B5ED-9A2B31C4CA4A}.Release|Any CPU.ActiveCfg = Release|Any CPU
		{D635094E-2051-4DA8-B5ED-9A2B31C4CA4A}.Release|Any CPU.Build.0 = Release|Any CPU
	EndGlobalSection
	GlobalSection(SolutionProperties) = preSolution
		HideSolutionNode = FALSE
	EndGlobalSection
	GlobalSection(ExtensibilityGlobals) = postSolution
		SolutionGuid = {904996C9-4FD6-43D8-B4FF-27879819276A}
	EndGlobalSection
EndGlobal
